<Solution>
  <Configurations>
    <Platform Name="Any CPU" />
    <Platform Name="x64" />
  </Configurations>
  <Project Path="IV_OGG2WAV_GUI/IV_OGG2WAV_GUI.csproj" Id="cf4ad5d5-6182-4b64-b97e-d5af42a0f7e6" />
  <Project Path="IV_OGG_TO_WAV/IV_OGG_TO_WAV.csproj">
    <Platform Solution="*|x64" Project="x64" />
  </Project>
</Solution>
